
Microsoft Visual Studio Solution File, Format Version 12.00
# Visual Studio Version 17
VisualStudioVersion = 17.6.33815.320
MinimumVisualStudioVersion = 10.0.40219.1
Project("{8BC9CEB8-8B4A-11D0-8D11-00A0C91BC942}") = "Roteiro", "Roteiro.vcxproj", "{3C13F592-197C-4348-B2F7-AF8DF0F3087D}"
EndProject
Global
	GlobalSection(SolutionConfigurationPlatforms) = preSolution
		Debug|x64 = Debug|x64
		Debug|x86 = Debug|x86
		Release|x64 = Release|x64
		Release|x86 = Release|x86
	EndGlobalSection
	GlobalSection(ProjectConfigurationPlatforms) = postSolution
		{3C13F592-197C-4348-B2F7-AF8DF0F3087D}.Debug|x64.ActiveCfg = Debug|x64
		{3C13F592-197C-4348-B2F7-AF8DF0F3087D}.Debug|x64.Build.0 = Debug|x64
		{3C13F592-197C-4348-B2F7-AF8DF0F3087D}.Debug|x86.ActiveCfg = Debug|Win32
		{3C13F592-197C-4348-B2F7-AF8DF0F3087D}.Debug|x86.Build.0 = Debug|Win32
		{3C13F592-197C-4348-B2F7-AF8DF0F3087D}.Release|x64.ActiveCfg = Release|x64
		{3C13F592-197C-4348-B2F7-AF8DF0F3087D}.Release|x64.Build.0 = Release|x64
		{3C13F592-197C-4348-B2F7-AF8DF0F3087D}.Release|x86.ActiveCfg = Release|Win32
		{3C13F592-197C-4348-B2F7-AF8DF0F3087D}.Release|x86.Build.0 = Release|Win32
	EndGlobalSection
	GlobalSection(SolutionProperties) = preSolution
		HideSolutionNode = FALSE
	EndGlobalSection
	GlobalSection(ExtensibilityGlobals) = postSolution
		SolutionGuid = {1C31DC60-85C9-4589-8FCB-ECD933EFCFC1}
	EndGlobalSection
EndGlobal
