
Microsoft Visual Studio Solution File, Format Version 12.00
# Visual Studio Version 17
VisualStudioVersion = 17.6.33815.320
MinimumVisualStudioVersion = 10.0.40219.1
Project("{8BC9CEB8-8B4A-11D0-8D11-00A0C91BC942}") = "ArrayVetores", "ArrayVetores.vcxproj", "{48C710A4-CFC8-4F71-B5DD-A55165D28680}"
EndProject
Global
	GlobalSection(SolutionConfigurationPlatforms) = preSolution
		Debug|x64 = Debug|x64
		Debug|x86 = Debug|x86
		Release|x64 = Release|x64
		Release|x86 = Release|x86
	EndGlobalSection
	GlobalSection(ProjectConfigurationPlatforms) = postSolution
		{48C710A4-CFC8-4F71-B5DD-A55165D28680}.Debug|x64.ActiveCfg = Debug|x64
		{48C710A4-CFC8-4F71-B5DD-A55165D28680}.Debug|x64.Build.0 = Debug|x64
		{48C710A4-CFC8-4F71-B5DD-A55165D28680}.Debug|x86.ActiveCfg = Debug|Win32
		{48C710A4-CFC8-4F71-B5DD-A55165D28680}.Debug|x86.Build.0 = Debug|Win32
		{48C710A4-CFC8-4F71-B5DD-A55165D28680}.Release|x64.ActiveCfg = Release|x64
		{48C710A4-CFC8-4F71-B5DD-A55165D28680}.Release|x64.Build.0 = Release|x64
		{48C710A4-CFC8-4F71-B5DD-A55165D28680}.Release|x86.ActiveCfg = Release|Win32
		{48C710A4-CFC8-4F71-B5DD-A55165D28680}.Release|x86.Build.0 = Release|Win32
	EndGlobalSection
	GlobalSection(SolutionProperties) = preSolution
		HideSolutionNode = FALSE
	EndGlobalSection
	GlobalSection(ExtensibilityGlobals) = postSolution
		SolutionGuid = {122CD31D-8794-418C-AF4C-7B5306809060}
	EndGlobalSection
EndGlobal
