
Microsoft Visual Studio Solution File, Format Version 12.00
# Visual Studio Version 17
VisualStudioVersion = 17.6.33815.320
MinimumVisualStudioVersion = 10.0.40219.1
Project("{8BC9CEB8-8B4A-11D0-8D11-00A0C91BC942}") = "VariavelEstatica", "VariavelEstatica.vcxproj", "{ECECC3E8-03C9-4A16-B819-BA57207AACEB}"
EndProject
Global
	GlobalSection(SolutionConfigurationPlatforms) = preSolution
		Debug|x64 = Debug|x64
		Debug|x86 = Debug|x86
		Release|x64 = Release|x64
		Release|x86 = Release|x86
	EndGlobalSection
	GlobalSection(ProjectConfigurationPlatforms) = postSolution
		{ECECC3E8-03C9-4A16-B819-BA57207AACEB}.Debug|x64.ActiveCfg = Debug|x64
		{ECECC3E8-03C9-4A16-B819-BA57207AACEB}.Debug|x64.Build.0 = Debug|x64
		{ECECC3E8-03C9-4A16-B819-BA57207AACEB}.Debug|x86.ActiveCfg = Debug|Win32
		{ECECC3E8-03C9-4A16-B819-BA57207AACEB}.Debug|x86.Build.0 = Debug|Win32
		{ECECC3E8-03C9-4A16-B819-BA57207AACEB}.Release|x64.ActiveCfg = Release|x64
		{ECECC3E8-03C9-4A16-B819-BA57207AACEB}.Release|x64.Build.0 = Release|x64
		{ECECC3E8-03C9-4A16-B819-BA57207AACEB}.Release|x86.ActiveCfg = Release|Win32
		{ECECC3E8-03C9-4A16-B819-BA57207AACEB}.Release|x86.Build.0 = Release|Win32
	EndGlobalSection
	GlobalSection(SolutionProperties) = preSolution
		HideSolutionNode = FALSE
	EndGlobalSection
	GlobalSection(ExtensibilityGlobals) = postSolution
		SolutionGuid = {B88A4AA4-27A6-4050-9C04-69402161B02C}
	EndGlobalSection
EndGlobal
